// !$*UTF8*$!
{
	archiveVersion = 1;
	classes = {
	};
	objectVersion = 77;
	objects = {

/* Begin PBXBuildFile section */
		F779EE972CD84B7600B61E5C /* index.html in Resources */ = {isa = PBXBuildFile; fileRef = F779EE952CD84B7600B61E5C /* index.html */; };
		F779EE982CD84B7600B61E5C /* styles.css in Resources */ = {isa = PBXBuildFile; fileRef = F779EE962CD84B7600B61E5C /* styles.css */; };
/* End PBXBuildFile section */

/* Begin PBXContainerItemProxy section */
		F779EE792CD8492400B61E5C /* PBXContainerItemProxy */ = {
			isa = PBXContainerItemProxy;
			containerPortal = F779EE602CD8492300B61E5C /* Project object */;
			proxyType = 1;
			remoteGlobalIDString = F779EE672CD8492300B61E5C;
			remoteInfo = Chirio;
		};
		F779EE832CD8492400B61E5C /* PBXContainerItemProxy */ = {
			isa = PBXContainerItemProxy;
			containerPortal = F779EE602CD8492300B61E5C /* Project object */;
			proxyType = 1;
			remoteGlobalIDString = F779EE672CD8492300B61E5C;
			remoteInfo = Chirio;
		};
/* End PBXContainerItemProxy section */

/* Begin PBXFileReference section */
		F779EE682CD8492300B61E5C /* Chirio.app */ = {isa = PBXFileReference; explicitFileType = wrapper.application; includeInIndex = 0; path = Chirio.app; sourceTree = BUILT_PRODUCTS_DIR; };
		F779EE782CD8492400B61E5C /* ChirioTests.xctest */ = {isa = PBXFileReference; explicitFileType = wrapper.cfbundle; includeInIndex = 0; path = ChirioTests.xctest; sourceTree = BUILT_PRODUCTS_DIR; };
		F779EE822CD8492400B61E5C /* ChirioUITests.xctest */ = {isa = PBXFileReference; explicitFileType = wrapper.cfbundle; includeInIndex = 0; path = ChirioUITests.xctest; sourceTree = BUILT_PRODUCTS_DIR; };
		F779EE952CD84B7600B61E5C /* index.html */ = {isa = PBXFileReference; lastKnownFileType = text.html; path = index.html; sourceTree = "<group>"; };
		F779EE962CD84B7600B61E5C /* styles.css */ = {isa = PBXFileReference; lastKnownFileType = text.css; path = styles.css; sourceTree = "<group>"; };
/* End PBXFileReference section */

/* Begin PBXFileSystemSynchronizedRootGroup section */
		F779EE6A2CD8492300B61E5C /* Chirio */ = {
			isa = PBXFileSystemSynchronizedRootGroup;
			path = Chirio;
			sourceTree = "<group>";
		};
		F779EE7B2CD8492400B61E5C /* ChirioTests */ = {
			isa = PBXFileSystemSynchronizedRootGroup;
			path = ChirioTests;
			sourceTree = "<group>";
		};
		F779EE852CD8492400B61E5C /* ChirioUITests */ = {
			isa = PBXFileSystemSynchronizedRootGroup;
			path = ChirioUITests;
			sourceTree = "<group>";
		};
/* End PBXFileSystemSynchronizedRootGroup section */

/* Begin PBXFrameworksBuildPhase section */
		F779EE652CD8492300B61E5C /* Frameworks */ = {
			isa = PBXFrameworksBuildPhase;
			buildActionMask = 2147483647;
			files = (
			);
			runOnlyForDeploymentPostprocessing = 0;
		};
		F779EE752CD8492400B61E5C /* Frameworks */ = {
			isa = PBXFrameworksBuildPhase;
			buildActionMask = 2147483647;
			files = (
			);
			runOnlyForDeploymentPostprocessing = 0;
		};
		F779EE7F2CD8492400B61E5C /* Frameworks */ = {
			isa = PBXFrameworksBuildPhase;
			buildActionMask = 2147483647;
			files = (
			);
			runOnlyForDeploymentPostprocessing = 0;
		};
/* End PBXFrameworksBuildPhase section */

/* Begin PBXGroup section */
		F779EE5F2CD8492300B61E5C = {
			isa = PBXGroup;
			children = (
				F779EE952CD84B7600B61E5C /* index.html */,
				F779EE962CD84B7600B61E5C /* styles.css */,
				F779EE6A2CD8492300B61E5C /* Chirio */,
				F779EE7B2CD8492400B61E5C /* ChirioTests */,
				F779EE852CD8492400B61E5C /* ChirioUITests */,
				F779EE692CD8492300B61E5C /* Products */,
			);
			sourceTree = "<group>";
		};
		F779EE692CD8492300B61E5C /* Products */ = {
			isa = PBXGroup;
			children = (
				F779EE682CD8492300B61E5C /* Chirio.app */,
				F779EE782CD8492400B61E5C /* ChirioTests.xctest */,
				F779EE822CD8492400B61E5C /* ChirioUITests.xctest */,
			);
			name = Products;
			sourceTree = "<group>";
		};
/* End PBXGroup section */

/* Begin PBXNativeTarget section */
		F779EE672CD8492300B61E5C /* Chirio */ = {
			isa = PBXNativeTarget;
			buildConfigurationList = F779EE8C2CD8492400B61E5C /* Build configuration list for PBXNativeTarget "Chirio" */;
			buildPhases = (
				F779EE642CD8492300B61E5C /* Sources */,
				F779EE652CD8492300B61E5C /* Frameworks */,
				F779EE662CD8492300B61E5C /* Resources */,
			);
			buildRules = (
			);
			dependencies = (
			);
			fileSystemSynchronizedGroups = (
				F779EE6A2CD8492300B61E5C /* Chirio */,
			);
			name = Chirio;
			packageProductDependencies = (
			);
			productName = Chirio;
			productReference = F779EE682CD8492300B61E5C /* Chirio.app */;
			productType = "com.apple.product-type.application";
		};
		F779EE772CD8492400B61E5C /* ChirioTests */ = {
			isa = PBXNativeTarget;
			buildConfigurationList = F779EE8F2CD8492400B61E5C /* Build configuration list for PBXNativeTarget "ChirioTests" */;
			buildPhases = (
				F779EE742CD8492400B61E5C /* Sources */,
				F779EE752CD8492400B61E5C /* Frameworks */,
				F779EE762CD8492400B61E5C /* Resources */,
			);
			buildRules = (
			);
			dependencies = (
				F779EE7A2CD8492400B61E5C /* PBXTargetDependency */,
			);
			fileSystemSynchronizedGroups = (
				F779EE7B2CD8492400B61E5C /* ChirioTests */,
			);
			name = ChirioTests;
			packageProductDependencies = (
			);
			productName = ChirioTests;
			productReference = F779EE782CD8492400B61E5C /* ChirioTests.xctest */;
			productType = "com.apple.product-type.bundle.unit-test";
		};
		F779EE812CD8492400B61E5C /* ChirioUITests */ = {
			isa = PBXNativeTarget;
			buildConfigurationList = F779EE922CD8492400B61E5C /* Build configuration list for PBXNativeTarget "ChirioUITests" */;
			buildPhases = (
				F779EE7E2CD8492400B61E5C /* Sources */,
				F779EE7F2CD8492400B61E5C /* Frameworks */,
				F779EE802CD8492400B61E5C /* Resources */,
			);
			buildRules = (
			);
			dependencies = (
				F779EE842CD8492400B61E5C /* PBXTargetDependency */,
			);
			fileSystemSynchronizedGroups = (
				F779EE852CD8492400B61E5C /* ChirioUITests */,
			);
			name = ChirioUITests;
			packageProductDependencies = (
			);
			productName = ChirioUITests;
			productReference = F779EE822CD8492400B61E5C /* ChirioUITests.xctest */;
			productType = "com.apple.product-type.bundle.ui-testing";
		};
/* End PBXNativeTarget section */

/* Begin PBXProject section */
		F779EE602CD8492300B61E5C /* Project object */ = {
			isa = PBXProject;
			attributes = {
				BuildIndependentTargetsInParallel = 1;
				LastSwiftUpdateCheck = 1610;
				LastUpgradeCheck = 1610;
				TargetAttributes = {
					F779EE672CD8492300B61E5C = {
						CreatedOnToolsVersion = 16.1;
					};
					F779EE772CD8492400B61E5C = {
						CreatedOnToolsVersion = 16.1;
						TestTargetID = F779EE672CD8492300B61E5C;
					};
					F779EE812CD8492400B61E5C = {
						CreatedOnToolsVersion = 16.1;
						TestTargetID = F779EE672CD8492300B61E5C;
					};
				};
			};
			buildConfigurationList = F779EE632CD8492300B61E5C /* Build configuration list for PBXProject "Chirio" */;
			developmentRegion = en;
			hasScannedForEncodings = 0;
			knownRegions = (
				en,
				Base,
			);
			mainGroup = F779EE5F2CD8492300B61E5C;
			minimizedProjectReferenceProxies = 1;
			preferredProjectObjectVersion = 77;
			productRefGroup = F779EE692CD8492300B61E5C /* Products */;
			projectDirPath = "";
			projectRoot = "";
			targets = (
				F779EE672CD8492300B61E5C /* Chirio */,
				F779EE772CD8492400B61E5C /* ChirioTests */,
				F779EE812CD8492400B61E5C /* ChirioUITests */,
			);
		};
/* End PBXProject section */

/* Begin PBXResourcesBuildPhase section */
		F779EE662CD8492300B61E5C /* Resources */ = {
			isa = PBXResourcesBuildPhase;
			buildActionMask = 2147483647;
			files = (
				F779EE972CD84B7600B61E5C /* index.html in Resources */,
				F779EE982CD84B7600B61E5C /* styles.css in Resources */,
			);
			runOnlyForDeploymentPostprocessing = 0;
		};
		F779EE762CD8492400B61E5C /* Resources */ = {
			isa = PBXResourcesBuildPhase;
			buildActionMask = 2147483647;
			files = (
			);
			runOnlyForDeploymentPostprocessing = 0;
		};
		F779EE802CD8492400B61E5C /* Resources */ = {
			isa = PBXResourcesBuildPhase;
			buildActionMask = 2147483647;
			files = (
			);
			runOnlyForDeploymentPostprocessing = 0;
		};
/* End PBXResourcesBuildPhase section */

/* Begin PBXSourcesBuildPhase section */
		F779EE642CD8492300B61E5C /* Sources */ = {
			isa = PBXSourcesBuildPhase;
			buildActionMask = 2147483647;
			files = (
			);
			runOnlyForDeploymentPostprocessing = 0;
		};
		F779EE742CD8492400B61E5C /* Sources */ = {
			isa = PBXSourcesBuildPhase;
			buildActionMask = 2147483647;
			files = (
			);
			runOnlyForDeploymentPostprocessing = 0;
		};
		F779EE7E2CD8492400B61E5C /* Sources */ = {
			isa = PBXSourcesBuildPhase;
			buildActionMask = 2147483647;
			files = (
			);
			runOnlyForDeploymentPostprocessing = 0;
		};
/* End PBXSourcesBuildPhase section */

/* Begin PBXTargetDependency section */
		F779EE7A2CD8492400B61E5C /* PBXTargetDependency */ = {
			isa = PBXTargetDependency;
			target = F779EE672CD8492300B61E5C /* Chirio */;
			targetProxy = F779EE792CD8492400B61E5C /* PBXContainerItemProxy */;
		};
		F779EE842CD8492400B61E5C /* PBXTargetDependency */ = {
			isa = PBXTargetDependency;
			target = F779EE672CD8492300B61E5C /* Chirio */;
			targetProxy = F779EE832CD8492400B61E5C /* PBXContainerItemProxy */;
		};
/* End PBXTargetDependency section */

/* Begin XCBuildConfiguration section */
		F779EE8A2CD8492400B61E5C /* Debug */ = {
			isa = XCBuildConfiguration;
			buildSettings = {
				ALWAYS_SEARCH_USER_PATHS = NO;
				ASSETCATALOG_COMPILER_GENERATE_SWIFT_ASSET_SYMBOL_EXTENSIONS = YES;
				CLANG_ANALYZER_NONNULL = YES;
				CLANG_ANALYZER_NUMBER_OBJECT_CONVERSION = YES_AGGRESSIVE;
				CLANG_CXX_LANGUAGE_STANDARD = "gnu++20";
				CLANG_ENABLE_MODULES = YES;
				CLANG_ENABLE_OBJC_ARC = YES;
				CLANG_ENABLE_OBJC_WEAK = YES;
				CLANG_WARN_BLOCK_CAPTURE_AUTORELEASING = YES;
				CLANG_WARN_BOOL_CONVERSION = YES;
				CLANG_WARN_COMMA = YES;
				CLANG_WARN_CONSTANT_CONVERSION = YES;
				CLANG_WARN_DEPRECATED_OBJC_IMPLEMENTATIONS = YES;
				CLANG_WARN_DIRECT_OBJC_ISA_USAGE = YES_ERROR;
				CLANG_WARN_DOCUMENTATION_COMMENTS = YES;
				CLANG_WARN_EMPTY_BODY = YES;
				CLANG_WARN_ENUM_CONVERSION = YES;
				CLANG_WARN_INFINITE_RECURSION = YES;
				CLANG_WARN_INT_CONVERSION = YES;
				CLANG_WARN_NON_LITERAL_NULL_CONVERSION = YES;
				CLANG_WARN_OBJC_IMPLICIT_RETAIN_SELF = YES;
				CLANG_WARN_OBJC_LITERAL_CONVERSION = YES;
				CLANG_WARN_OBJC_ROOT_CLASS = YES_ERROR;
				CLANG_WARN_QUOTED_INCLUDE_IN_FRAMEWORK_HEADER = YES;
				CLANG_WARN_RANGE_LOOP_ANALYSIS = YES;
				CLANG_WARN_STRICT_PROTOTYPES = YES;
				CLANG_WARN_SUSPICIOUS_MOVE = YES;
				CLANG_WARN_UNGUARDED_AVAILABILITY = YES_AGGRESSIVE;
				CLANG_WARN_UNREACHABLE_CODE = YES;
				CLANG_WARN__DUPLICATE_METHOD_MATCH = YES;
				COPY_PHASE_STRIP = NO;
				DEBUG_INFORMATION_FORMAT = dwarf;
				ENABLE_STRICT_OBJC_MSGSEND = YES;
				ENABLE_TESTABILITY = YES;
				ENABLE_USER_SCRIPT_SANDBOXING = YES;
				GCC_C_LANGUAGE_STANDARD = gnu17;
				GCC_DYNAMIC_NO_PIC = NO;
				GCC_NO_COMMON_BLOCKS = YES;
				GCC_OPTIMIZATION_LEVEL = 0;
				GCC_PREPROCESSOR_DEFINITIONS = (
					"DEBUG=1",
					"$(inherited)",
				);
				GCC_WARN_64_TO_32_BIT_CONVERSION = YES;
				GCC_WARN_ABOUT_RETURN_TYPE = YES_ERROR;
				GCC_WARN_UNDECLARED_SELECTOR = YES;
				GCC_WARN_UNINITIALIZED_AUTOS = YES_AGGRESSIVE;
				GCC_WARN_UNUSED_FUNCTION = YES;
				GCC_WARN_UNUSED_VARIABLE = YES;
				IPHONEOS_DEPLOYMENT_TARGET = 18.1;
				LOCALIZATION_PREFERS_STRING_CATALOGS = YES;
				MTL_ENABLE_DEBUG_INFO = INCLUDE_SOURCE;
				MTL_FAST_MATH = YES;
				ONLY_ACTIVE_ARCH = YES;
				SDKROOT = iphoneos;
				SWIFT_ACTIVE_COMPILATION_CONDITIONS = "DEBUG $(inherited)";
				SWIFT_OPTIMIZATION_LEVEL = "-Onone";
			};
			name = Debug;
		};
		F779EE8B2CD8492400B61E5C /* Release */ = {
			isa = XCBuildConfiguration;
			buildSettings = {
				ALWAYS_SEARCH_USER_PATHS = NO;
				ASSETCATALOG_COMPILER_GENERATE_SWIFT_ASSET_SYMBOL_EXTENSIONS = YES;
				CLANG_ANALYZER_NONNULL = YES;
				CLANG_ANALYZER_NUMBER_OBJECT_CONVERSION = YES_AGGRESSIVE;
				CLANG_CXX_LANGUAGE_STANDARD = "gnu++20";
				CLANG_ENABLE_MODULES = YES;
				CLANG_ENABLE_OBJC_ARC = YES;
				CLANG_ENABLE_OBJC_WEAK = YES;
				CLANG_WARN_BLOCK_CAPTURE_AUTORELEASING = YES;
				CLANG_WARN_BOOL_CONVERSION = YES;
				CLANG_WARN_COMMA = YES;
				CLANG_WARN_CONSTANT_CONVERSION = YES;
				CLANG_WARN_DEPRECATED_OBJC_IMPLEMENTATIONS = YES;
				CLANG_WARN_DIRECT_OBJC_ISA_USAGE = YES_ERROR;
				CLANG_WARN_DOCUMENTATION_COMMENTS = YES;
				CLANG_WARN_EMPTY_BODY = YES;
				CLANG_WARN_ENUM_CONVERSION = YES;
				CLANG_WARN_INFINITE_RECURSION = YES;
				CLANG_WARN_INT_CONVERSION = YES;
				CLANG_WARN_NON_LITERAL_NULL_CONVERSION = YES;
				CLANG_WARN_OBJC_IMPLICIT_RETAIN_SELF = YES;
				CLANG_WARN_OBJC_LITERAL_CONVERSION = YES;
				CLANG_WARN_OBJC_ROOT_CLASS = YES_ERROR;
				CLANG_WARN_QUOTED_INCLUDE_IN_FRAMEWORK_HEADER = YES;
				CLANG_WARN_RANGE_LOOP_ANALYSIS = YES;
				CLANG_WARN_STRICT_PROTOTYPES = YES;
				CLANG_WARN_SUSPICIOUS_MOVE = YES;
				CLANG_WARN_UNGUARDED_AVAILABILITY = YES_AGGRESSIVE;
				CLANG_WARN_UNREACHABLE_CODE = YES;
				CLANG_WARN__DUPLICATE_METHOD_MATCH = YES;
				COPY_PHASE_STRIP = NO;
				DEBUG_INFORMATION_FORMAT = "dwarf-with-dsym";
				ENABLE_NS_ASSERTIONS = NO;
				ENABLE_STRICT_OBJC_MSGSEND = YES;
				ENABLE_USER_SCRIPT_SANDBOXING = YES;
				GCC_C_LANGUAGE_STANDARD = gnu17;
				GCC_NO_COMMON_BLOCKS = YES;
				GCC_WARN_64_TO_32_BIT_CONVERSION = YES;
				GCC_WARN_ABOUT_RETURN_TYPE = YES_ERROR;
				GCC_WARN_UNDECLARED_SELECTOR = YES;
				GCC_WARN_UNINITIALIZED_AUTOS = YES_AGGRESSIVE;
				GCC_WARN_UNUSED_FUNCTION = YES;
				GCC_WARN_UNUSED_VARIABLE = YES;
				IPHONEOS_DEPLOYMENT_TARGET = 18.1;
				LOCALIZATION_PREFERS_STRING_CATALOGS = YES;
				MTL_ENABLE_DEBUG_INFO = NO;
				MTL_FAST_MATH = YES;
				SDKROOT = iphoneos;
				SWIFT_COMPILATION_MODE = wholemodule;
				VALIDATE_PRODUCT = YES;
			};
			name = Release;
		};
		F779EE8D2CD8492400B61E5C /* Debug */ = {
			isa = XCBuildConfiguration;
			buildSettings = {
				ASSETCATALOG_COMPILER_APPICON_NAME = AppIcon;
				ASSETCATALOG_COMPILER_GLOBAL_ACCENT_COLOR_NAME = AccentColor;
				CODE_SIGN_STYLE = Automatic;
				CURRENT_PROJECT_VERSION = 1;
				DEVELOPMENT_ASSET_PATHS = "\"Chirio/Preview Content\"";
				DEVELOPMENT_TEAM = BHY7LD45DP;
				ENABLE_PREVIEWS = YES;
				GENERATE_INFOPLIST_FILE = YES;
				INFOPLIST_KEY_UIApplicationSceneManifest_Generation = YES;
				INFOPLIST_KEY_UIApplicationSupportsIndirectInputEvents = YES;
				INFOPLIST_KEY_UILaunchScreen_Generation = YES;
				INFOPLIST_KEY_UISupportedInterfaceOrientations_iPad = "UIInterfaceOrientationPortrait UIInterfaceOrientationPortraitUpsideDown UIInterfaceOrientationLandscapeLeft UIInterfaceOrientationLandscapeRight";
				INFOPLIST_KEY_UISupportedInterfaceOrientations_iPhone = "UIInterfaceOrientationPortrait UIInterfaceOrientationLandscapeLeft UIInterfaceOrientationLandscapeRight";
				LD_RUNPATH_SEARCH_PATHS = (
					"$(inherited)",
					"@executable_path/Frameworks",
				);
				MARKETING_VERSION = 1.0;
				PRODUCT_BUNDLE_IDENTIFIER = com.colinswinford.Chirio;
				PRODUCT_NAME = "$(TARGET_NAME)";
				SWIFT_EMIT_LOC_STRINGS = YES;
				SWIFT_VERSION = 5.0;
				TARGETED_DEVICE_FAMILY = "1,2";
			};
			name = Debug;
		};
		F779EE8E2CD8492400B61E5C /* Release */ = {
			isa = XCBuildConfiguration;
			buildSettings = {
				ASSETCATALOG_COMPILER_APPICON_NAME = AppIcon;
				ASSETCATALOG_COMPILER_GLOBAL_ACCENT_COLOR_NAME = AccentColor;
				CODE_SIGN_STYLE = Automatic;
				CURRENT_PROJECT_VERSION = 1;
				DEVELOPMENT_ASSET_PATHS = "\"Chirio/Preview Content\"";
				DEVELOPMENT_TEAM = BHY7LD45DP;
				ENABLE_PREVIEWS = YES;
				GENERATE_INFOPLIST_FILE = YES;
				INFOPLIST_KEY_UIApplicationSceneManifest_Generation = YES;
				INFOPLIST_KEY_UIApplicationSupportsIndirectInputEvents = YES;
				INFOPLIST_KEY_UILaunchScreen_Generation = YES;
				INFOPLIST_KEY_UISupportedInterfaceOrientations_iPad = "UIInterfaceOrientationPortrait UIInterfaceOrientationPortraitUpsideDown UIInterfaceOrientationLandscapeLeft UIInterfaceOrientationLandscapeRight";
				INFOPLIST_KEY_UISupportedInterfaceOrientations_iPhone = "UIInterfaceOrientationPortrait UIInterfaceOrientationLandscapeLeft UIInterfaceOrientationLandscapeRight";
				LD_RUNPATH_SEARCH_PATHS = (
					"$(inherited)",
					"@executable_path/Frameworks",
				);
				MARKETING_VERSION = 1.0;
				PRODUCT_BUNDLE_IDENTIFIER = com.colinswinford.Chirio;
				PRODUCT_NAME = "$(TARGET_NAME)";
				SWIFT_EMIT_LOC_STRINGS = YES;
				SWIFT_VERSION = 5.0;
				TARGETED_DEVICE_FAMILY = "1,2";
			};
			name = Release;
		};
		F779EE902CD8492400B61E5C /* Debug */ = {
			isa = XCBuildConfiguration;
			buildSettings = {
				BUNDLE_LOADER = "$(TEST_HOST)";
				CODE_SIGN_STYLE = Automatic;
				CURRENT_PROJECT_VERSION = 1;
				DEVELOPMENT_TEAM = BHY7LD45DP;
				GENERATE_INFOPLIST_FILE = YES;
				IPHONEOS_DEPLOYMENT_TARGET = 18.1;
				MARKETING_VERSION = 1.0;
				PRODUCT_BUNDLE_IDENTIFIER = com.colinswinford.ChirioTests;
				PRODUCT_NAME = "$(TARGET_NAME)";
				SWIFT_EMIT_LOC_STRINGS = NO;
				SWIFT_VERSION = 5.0;
				TARGETED_DEVICE_FAMILY = "1,2";
				TEST_HOST = "$(BUILT_PRODUCTS_DIR)/Chirio.app/$(BUNDLE_EXECUTABLE_FOLDER_PATH)/Chirio";
			};
			name = Debug;
		};
		F779EE912CD8492400B61E5C /* Release */ = {
			isa = XCBuildConfiguration;
			buildSettings = {
				BUNDLE_LOADER = "$(TEST_HOST)";
				CODE_SIGN_STYLE = Automatic;
				CURRENT_PROJECT_VERSION = 1;
				DEVELOPMENT_TEAM = BHY7LD45DP;
				GENERATE_INFOPLIST_FILE = YES;
				IPHONEOS_DEPLOYMENT_TARGET = 18.1;
				MARKETING_VERSION = 1.0;
				PRODUCT_BUNDLE_IDENTIFIER = com.colinswinford.ChirioTests;
				PRODUCT_NAME = "$(TARGET_NAME)";
				SWIFT_EMIT_LOC_STRINGS = NO;
				SWIFT_VERSION = 5.0;
				TARGETED_DEVICE_FAMILY = "1,2";
				TEST_HOST = "$(BUILT_PRODUCTS_DIR)/Chirio.app/$(BUNDLE_EXECUTABLE_FOLDER_PATH)/Chirio";
			};
			name = Release;
		};
		F779EE932CD8492400B61E5C /* Debug */ = {
			isa = XCBuildConfiguration;
			buildSettings = {
				CODE_SIGN_STYLE = Automatic;
				CURRENT_PROJECT_VERSION = 1;
				DEVELOPMENT_TEAM = BHY7LD45DP;
				GENERATE_INFOPLIST_FILE = YES;
				MARKETING_VERSION = 1.0;
				PRODUCT_BUNDLE_IDENTIFIER = com.colinswinford.ChirioUITests;
				PRODUCT_NAME = "$(TARGET_NAME)";
				SWIFT_EMIT_LOC_STRINGS = NO;
				SWIFT_VERSION = 5.0;
				TARGETED_DEVICE_FAMILY = "1,2";
				TEST_TARGET_NAME = Chirio;
			};
			name = Debug;
		};
		F779EE942CD8492400B61E5C /* Release */ = {
			isa = XCBuildConfiguration;
			buildSettings = {
				CODE_SIGN_STYLE = Automatic;
				CURRENT_PROJECT_VERSION = 1;
				DEVELOPMENT_TEAM = BHY7LD45DP;
				GENERATE_INFOPLIST_FILE = YES;
				MARKETING_VERSION = 1.0;
				PRODUCT_BUNDLE_IDENTIFIER = com.colinswinford.ChirioUITests;
				PRODUCT_NAME = "$(TARGET_NAME)";
				SWIFT_EMIT_LOC_STRINGS = NO;
				SWIFT_VERSION = 5.0;
				TARGETED_DEVICE_FAMILY = "1,2";
				TEST_TARGET_NAME = Chirio;
			};
			name = Release;
		};
/* End XCBuildConfiguration section */

/* Begin XCConfigurationList section */
		F779EE632CD8492300B61E5C /* Build configuration list for PBXProject "Chirio" */ = {
			isa = XCConfigurationList;
			buildConfigurations = (
				F779EE8A2CD8492400B61E5C /* Debug */,
				F779EE8B2CD8492400B61E5C /* Release */,
			);
			defaultConfigurationIsVisible = 0;
			defaultConfigurationName = Release;
		};
		F779EE8C2CD8492400B61E5C /* Build configuration list for PBXNativeTarget "Chirio" */ = {
			isa = XCConfigurationList;
			buildConfigurations = (
				F779EE8D2CD8492400B61E5C /* Debug */,
				F779EE8E2CD8492400B61E5C /* Release */,
			);
			defaultConfigurationIsVisible = 0;
			defaultConfigurationName = Release;
		};
		F779EE8F2CD8492400B61E5C /* Build configuration list for PBXNativeTarget "ChirioTests" */ = {
			isa = XCConfigurationList;
			buildConfigurations = (
				F779EE902CD8492400B61E5C /* Debug */,
				F779EE912CD8492400B61E5C /* Release */,
			);
			defaultConfigurationIsVisible = 0;
			defaultConfigurationName = Release;
		};
		F779EE922CD8492400B61E5C /* Build configuration list for PBXNativeTarget "ChirioUITests" */ = {
			isa = XCConfigurationList;
			buildConfigurations = (
				F779EE932CD8492400B61E5C /* Debug */,
				F779EE942CD8492400B61E5C /* Release */,
			);
			defaultConfigurationIsVisible = 0;
			defaultConfigurationName = Release;
		};
/* End XCConfigurationList section */
	};
	rootObject = F779EE602CD8492300B61E5C /* Project object */;
}
